
Microsoft Visual Studio Solution File, Format Version 12.00
# Visual Studio 15
VisualStudioVersion = 15.0.27703.2035
MinimumVisualStudioVersion = 10.0.40219.1
Project("{FAE04EC0-301F-11D3-BF4B-00C04F79EFBC}") = "fields-and-properties", "fields-and-properties\fields-and-properties.csproj", "{1D08DE4E-1AD9-4DDC-BBD6-0788C62B6768}"
EndProject
Global
	GlobalSection(SolutionConfigurationPlatforms) = preSolution
		Debug|Any CPU = Debug|Any CPU
		Release|Any CPU = Release|Any CPU
	EndGlobalSection
	GlobalSection(ProjectConfigurationPlatforms) = postSolution
		{1D08DE4E-1AD9-4DDC-BBD6-0788C62B6768}.Debug|Any CPU.ActiveCfg = Debug|Any CPU
		{1D08DE4E-1AD9-4DDC-BBD6-0788C62B6768}.Debug|Any CPU.Build.0 = Debug|Any CPU
		{1D08DE4E-1AD9-4DDC-BBD6-0788C62B6768}.Release|Any CPU.ActiveCfg = Release|Any CPU
		{1D08DE4E-1AD9-4DDC-BBD6-0788C62B6768}.Release|Any CPU.Build.0 = Release|Any CPU
	EndGlobalSection
	GlobalSection(SolutionProperties) = preSolution
		HideSolutionNode = FALSE
	EndGlobalSection
	GlobalSection(ExtensibilityGlobals) = postSolution
		SolutionGuid = {7B63AAAB-DD7E-4D31-B384-C082C14F0BEA}
	EndGlobalSection
EndGlobal
