
Microsoft Visual Studio Solution File, Format Version 12.00
# Visual Studio 15
VisualStudioVersion = 15.0.27703.2035
MinimumVisualStudioVersion = 10.0.40219.1
Project("{FAE04EC0-301F-11D3-BF4B-00C04F79EFBC}") = "attributes", "attributes\attributes.csproj", "{7A6A3C70-9960-47B9-B462-85DA335E6E6F}"
EndProject
Global
	GlobalSection(SolutionConfigurationPlatforms) = preSolution
		Debug|Any CPU = Debug|Any CPU
		Release|Any CPU = Release|Any CPU
	EndGlobalSection
	GlobalSection(ProjectConfigurationPlatforms) = postSolution
		{7A6A3C70-9960-47B9-B462-85DA335E6E6F}.Debug|Any CPU.ActiveCfg = Debug|Any CPU
		{7A6A3C70-9960-47B9-B462-85DA335E6E6F}.Debug|Any CPU.Build.0 = Debug|Any CPU
		{7A6A3C70-9960-47B9-B462-85DA335E6E6F}.Release|Any CPU.ActiveCfg = Release|Any CPU
		{7A6A3C70-9960-47B9-B462-85DA335E6E6F}.Release|Any CPU.Build.0 = Release|Any CPU
	EndGlobalSection
	GlobalSection(SolutionProperties) = preSolution
		HideSolutionNode = FALSE
	EndGlobalSection
	GlobalSection(ExtensibilityGlobals) = postSolution
		SolutionGuid = {BEA594B4-B8CC-4767-B352-D47843E8DC2A}
	EndGlobalSection
EndGlobal
