
Microsoft Visual Studio Solution File, Format Version 12.00
# Visual Studio 15
VisualStudioVersion = 15.0.27703.2035
MinimumVisualStudioVersion = 10.0.40219.1
Project("{FAE04EC0-301F-11D3-BF4B-00C04F79EFBC}") = "object-initializers-and-collection-initializers", "object-initializers-and-collection-initializers\object-initializers-and-collection-initializers.csproj", "{A24F507F-FB1A-497C-BCE2-F43123A474FE}"
EndProject
Global
	GlobalSection(SolutionConfigurationPlatforms) = preSolution
		Debug|Any CPU = Debug|Any CPU
		Release|Any CPU = Release|Any CPU
	EndGlobalSection
	GlobalSection(ProjectConfigurationPlatforms) = postSolution
		{A24F507F-FB1A-497C-BCE2-F43123A474FE}.Debug|Any CPU.ActiveCfg = Debug|Any CPU
		{A24F507F-FB1A-497C-BCE2-F43123A474FE}.Debug|Any CPU.Build.0 = Debug|Any CPU
		{A24F507F-FB1A-497C-BCE2-F43123A474FE}.Release|Any CPU.ActiveCfg = Release|Any CPU
		{A24F507F-FB1A-497C-BCE2-F43123A474FE}.Release|Any CPU.Build.0 = Release|Any CPU
	EndGlobalSection
	GlobalSection(SolutionProperties) = preSolution
		HideSolutionNode = FALSE
	EndGlobalSection
	GlobalSection(ExtensibilityGlobals) = postSolution
		SolutionGuid = {2F3B419D-DC5C-46F2-8A0B-D0975D788E4F}
	EndGlobalSection
EndGlobal
