
Microsoft Visual Studio Solution File, Format Version 12.00
# Visual Studio 15
VisualStudioVersion = 15.0.27703.2035
MinimumVisualStudioVersion = 10.0.40219.1
Project("{FAE04EC0-301F-11D3-BF4B-00C04F79EFBC}") = "anonymous-types", "anonymous-types\anonymous-types.csproj", "{143C8232-81FC-48B0-9A7C-AAA5F71EC649}"
EndProject
Global
	GlobalSection(SolutionConfigurationPlatforms) = preSolution
		Debug|Any CPU = Debug|Any CPU
		Release|Any CPU = Release|Any CPU
	EndGlobalSection
	GlobalSection(ProjectConfigurationPlatforms) = postSolution
		{143C8232-81FC-48B0-9A7C-AAA5F71EC649}.Debug|Any CPU.ActiveCfg = Debug|Any CPU
		{143C8232-81FC-48B0-9A7C-AAA5F71EC649}.Debug|Any CPU.Build.0 = Debug|Any CPU
		{143C8232-81FC-48B0-9A7C-AAA5F71EC649}.Release|Any CPU.ActiveCfg = Release|Any CPU
		{143C8232-81FC-48B0-9A7C-AAA5F71EC649}.Release|Any CPU.Build.0 = Release|Any CPU
	EndGlobalSection
	GlobalSection(SolutionProperties) = preSolution
		HideSolutionNode = FALSE
	EndGlobalSection
	GlobalSection(ExtensibilityGlobals) = postSolution
		SolutionGuid = {290B941C-25EA-4A62-9AD3-A43E0A64C08B}
	EndGlobalSection
EndGlobal
