
Microsoft Visual Studio Solution File, Format Version 12.00
# Visual Studio 15
VisualStudioVersion = 15.0.27703.2035
MinimumVisualStudioVersion = 10.0.40219.1
Project("{FAE04EC0-301F-11D3-BF4B-00C04F79EFBC}") = "generics", "generics\generics.csproj", "{7AF8FF56-2460-4395-AEA5-9414FC6BFDEC}"
EndProject
Global
	GlobalSection(SolutionConfigurationPlatforms) = preSolution
		Debug|Any CPU = Debug|Any CPU
		Release|Any CPU = Release|Any CPU
	EndGlobalSection
	GlobalSection(ProjectConfigurationPlatforms) = postSolution
		{7AF8FF56-2460-4395-AEA5-9414FC6BFDEC}.Debug|Any CPU.ActiveCfg = Debug|Any CPU
		{7AF8FF56-2460-4395-AEA5-9414FC6BFDEC}.Debug|Any CPU.Build.0 = Debug|Any CPU
		{7AF8FF56-2460-4395-AEA5-9414FC6BFDEC}.Release|Any CPU.ActiveCfg = Release|Any CPU
		{7AF8FF56-2460-4395-AEA5-9414FC6BFDEC}.Release|Any CPU.Build.0 = Release|Any CPU
	EndGlobalSection
	GlobalSection(SolutionProperties) = preSolution
		HideSolutionNode = FALSE
	EndGlobalSection
	GlobalSection(ExtensibilityGlobals) = postSolution
		SolutionGuid = {7994507D-2270-4D76-928C-772025FD1FEC}
	EndGlobalSection
EndGlobal
