
Microsoft Visual Studio Solution File, Format Version 12.00
# Visual Studio 15
VisualStudioVersion = 15.0.27703.2035
MinimumVisualStudioVersion = 10.0.40219.1
Project("{FAE04EC0-301F-11D3-BF4B-00C04F79EFBC}") = "auto-implemented-properties", "auto-implemented-properties\auto-implemented-properties.csproj", "{A5924709-B4E6-449E-BA9B-FB4F7F621EA1}"
EndProject
Global
	GlobalSection(SolutionConfigurationPlatforms) = preSolution
		Debug|Any CPU = Debug|Any CPU
		Release|Any CPU = Release|Any CPU
	EndGlobalSection
	GlobalSection(ProjectConfigurationPlatforms) = postSolution
		{A5924709-B4E6-449E-BA9B-FB4F7F621EA1}.Debug|Any CPU.ActiveCfg = Debug|Any CPU
		{A5924709-B4E6-449E-BA9B-FB4F7F621EA1}.Debug|Any CPU.Build.0 = Debug|Any CPU
		{A5924709-B4E6-449E-BA9B-FB4F7F621EA1}.Release|Any CPU.ActiveCfg = Release|Any CPU
		{A5924709-B4E6-449E-BA9B-FB4F7F621EA1}.Release|Any CPU.Build.0 = Release|Any CPU
	EndGlobalSection
	GlobalSection(SolutionProperties) = preSolution
		HideSolutionNode = FALSE
	EndGlobalSection
	GlobalSection(ExtensibilityGlobals) = postSolution
		SolutionGuid = {F05AE751-D961-45BC-949D-6694267993E9}
	EndGlobalSection
EndGlobal
