
Microsoft Visual Studio Solution File, Format Version 12.00
# Visual Studio 15
VisualStudioVersion = 15.0.27703.2047
MinimumVisualStudioVersion = 10.0.40219.1
Project("{9092AA53-FB77-4645-B42D-1CCCA6BD08BD}") = "NodejsWebApp1", "NodejsWebApp1.njsproj", "{F1CBA041-A77B-41F5-99A7-0512C24C898E}"
EndProject
Global
	GlobalSection(SolutionConfigurationPlatforms) = preSolution
		Debug|Any CPU = Debug|Any CPU
		Release|Any CPU = Release|Any CPU
	EndGlobalSection
	GlobalSection(ProjectConfigurationPlatforms) = postSolution
		{F1CBA041-A77B-41F5-99A7-0512C24C898E}.Debug|Any CPU.ActiveCfg = Debug|Any CPU
		{F1CBA041-A77B-41F5-99A7-0512C24C898E}.Debug|Any CPU.Build.0 = Debug|Any CPU
		{F1CBA041-A77B-41F5-99A7-0512C24C898E}.Release|Any CPU.ActiveCfg = Release|Any CPU
		{F1CBA041-A77B-41F5-99A7-0512C24C898E}.Release|Any CPU.Build.0 = Release|Any CPU
	EndGlobalSection
	GlobalSection(SolutionProperties) = preSolution
		HideSolutionNode = FALSE
	EndGlobalSection
	GlobalSection(ExtensibilityGlobals) = postSolution
		SolutionGuid = {121884F7-88DA-4255-B92C-7E31DE71040A}
	EndGlobalSection
EndGlobal
