
Microsoft Visual Studio Solution File, Format Version 12.00
# Visual Studio 15
VisualStudioVersion = 15.0.27703.2035
MinimumVisualStudioVersion = 10.0.40219.1
Project("{FAE04EC0-301F-11D3-BF4B-00C04F79EFBC}") = "interface-example", "interface-example\interface-example.csproj", "{4ECCDEE3-6C30-4086-9BD3-A2C55352BFC6}"
EndProject
Global
	GlobalSection(SolutionConfigurationPlatforms) = preSolution
		Debug|Any CPU = Debug|Any CPU
		Release|Any CPU = Release|Any CPU
	EndGlobalSection
	GlobalSection(ProjectConfigurationPlatforms) = postSolution
		{4ECCDEE3-6C30-4086-9BD3-A2C55352BFC6}.Debug|Any CPU.ActiveCfg = Debug|Any CPU
		{4ECCDEE3-6C30-4086-9BD3-A2C55352BFC6}.Debug|Any CPU.Build.0 = Debug|Any CPU
		{4ECCDEE3-6C30-4086-9BD3-A2C55352BFC6}.Release|Any CPU.ActiveCfg = Release|Any CPU
		{4ECCDEE3-6C30-4086-9BD3-A2C55352BFC6}.Release|Any CPU.Build.0 = Release|Any CPU
	EndGlobalSection
	GlobalSection(SolutionProperties) = preSolution
		HideSolutionNode = FALSE
	EndGlobalSection
	GlobalSection(ExtensibilityGlobals) = postSolution
		SolutionGuid = {3F939879-9F44-4C77-8947-82B66352D31A}
	EndGlobalSection
EndGlobal
