
Microsoft Visual Studio Solution File, Format Version 12.00
# Visual Studio 15
VisualStudioVersion = 15.0.27703.2026
MinimumVisualStudioVersion = 10.0.40219.1
Project("{8BC9CEB8-8B4A-11D0-8D11-00A0C91BC942}") = "ConsoleApplication1", "ConsoleApplication1\ConsoleApplication1.vcxproj", "{6D43231A-2C18-47E1-8169-71D3B040B1D1}"
EndProject
Project("{8BC9CEB8-8B4A-11D0-8D11-00A0C91BC942}") = "StaticLib1", "StaticLib1\StaticLib1.vcxproj", "{E89128EC-9B34-4E7A-87BA-D4ED78491041}"
EndProject
Global
	GlobalSection(SolutionConfigurationPlatforms) = preSolution
		Debug|x64 = Debug|x64
		Debug|x86 = Debug|x86
		Release|x64 = Release|x64
		Release|x86 = Release|x86
	EndGlobalSection
	GlobalSection(ProjectConfigurationPlatforms) = postSolution
		{6D43231A-2C18-47E1-8169-71D3B040B1D1}.Debug|x64.ActiveCfg = Debug|x64
		{6D43231A-2C18-47E1-8169-71D3B040B1D1}.Debug|x64.Build.0 = Debug|x64
		{6D43231A-2C18-47E1-8169-71D3B040B1D1}.Debug|x86.ActiveCfg = Debug|Win32
		{6D43231A-2C18-47E1-8169-71D3B040B1D1}.Debug|x86.Build.0 = Debug|Win32
		{6D43231A-2C18-47E1-8169-71D3B040B1D1}.Release|x64.ActiveCfg = Release|x64
		{6D43231A-2C18-47E1-8169-71D3B040B1D1}.Release|x64.Build.0 = Release|x64
		{6D43231A-2C18-47E1-8169-71D3B040B1D1}.Release|x86.ActiveCfg = Release|Win32
		{6D43231A-2C18-47E1-8169-71D3B040B1D1}.Release|x86.Build.0 = Release|Win32
		{E89128EC-9B34-4E7A-87BA-D4ED78491041}.Debug|x64.ActiveCfg = Debug|x64
		{E89128EC-9B34-4E7A-87BA-D4ED78491041}.Debug|x64.Build.0 = Debug|x64
		{E89128EC-9B34-4E7A-87BA-D4ED78491041}.Debug|x86.ActiveCfg = Debug|Win32
		{E89128EC-9B34-4E7A-87BA-D4ED78491041}.Debug|x86.Build.0 = Debug|Win32
		{E89128EC-9B34-4E7A-87BA-D4ED78491041}.Release|x64.ActiveCfg = Release|x64
		{E89128EC-9B34-4E7A-87BA-D4ED78491041}.Release|x64.Build.0 = Release|x64
		{E89128EC-9B34-4E7A-87BA-D4ED78491041}.Release|x86.ActiveCfg = Release|Win32
		{E89128EC-9B34-4E7A-87BA-D4ED78491041}.Release|x86.Build.0 = Release|Win32
	EndGlobalSection
	GlobalSection(SolutionProperties) = preSolution
		HideSolutionNode = FALSE
	EndGlobalSection
	GlobalSection(ExtensibilityGlobals) = postSolution
		SolutionGuid = {E3E723FF-06B6-496B-AE77-956AC3990E02}
	EndGlobalSection
EndGlobal
