
Microsoft Visual Studio Solution File, Format Version 12.00
# Visual Studio 15
VisualStudioVersion = 15.0.27703.2035
MinimumVisualStudioVersion = 10.0.40219.1
Project("{FAE04EC0-301F-11D3-BF4B-00C04F79EFBC}") = "static-classes", "static-classes\static-classes.csproj", "{9F6A0CAD-ED96-4E9A-9305-9552EC1BE484}"
EndProject
Global
	GlobalSection(SolutionConfigurationPlatforms) = preSolution
		Debug|Any CPU = Debug|Any CPU
		Release|Any CPU = Release|Any CPU
	EndGlobalSection
	GlobalSection(ProjectConfigurationPlatforms) = postSolution
		{9F6A0CAD-ED96-4E9A-9305-9552EC1BE484}.Debug|Any CPU.ActiveCfg = Debug|Any CPU
		{9F6A0CAD-ED96-4E9A-9305-9552EC1BE484}.Debug|Any CPU.Build.0 = Debug|Any CPU
		{9F6A0CAD-ED96-4E9A-9305-9552EC1BE484}.Release|Any CPU.ActiveCfg = Release|Any CPU
		{9F6A0CAD-ED96-4E9A-9305-9552EC1BE484}.Release|Any CPU.Build.0 = Release|Any CPU
	EndGlobalSection
	GlobalSection(SolutionProperties) = preSolution
		HideSolutionNode = FALSE
	EndGlobalSection
	GlobalSection(ExtensibilityGlobals) = postSolution
		SolutionGuid = {E3179268-D53D-4079-AB5D-68DB7EF6AC41}
	EndGlobalSection
EndGlobal
