
Microsoft Visual Studio Solution File, Format Version 12.00
# Visual Studio 15
VisualStudioVersion = 15.0.27703.2035
MinimumVisualStudioVersion = 10.0.40219.1
Project("{FAE04EC0-301F-11D3-BF4B-00C04F79EFBC}") = "dynamic-type", "dynamic-type\dynamic-type.csproj", "{58FCD07E-DFFA-4F2A-B778-A6DE0CB94038}"
EndProject
Global
	GlobalSection(SolutionConfigurationPlatforms) = preSolution
		Debug|Any CPU = Debug|Any CPU
		Release|Any CPU = Release|Any CPU
	EndGlobalSection
	GlobalSection(ProjectConfigurationPlatforms) = postSolution
		{58FCD07E-DFFA-4F2A-B778-A6DE0CB94038}.Debug|Any CPU.ActiveCfg = Debug|Any CPU
		{58FCD07E-DFFA-4F2A-B778-A6DE0CB94038}.Debug|Any CPU.Build.0 = Debug|Any CPU
		{58FCD07E-DFFA-4F2A-B778-A6DE0CB94038}.Release|Any CPU.ActiveCfg = Release|Any CPU
		{58FCD07E-DFFA-4F2A-B778-A6DE0CB94038}.Release|Any CPU.Build.0 = Release|Any CPU
	EndGlobalSection
	GlobalSection(SolutionProperties) = preSolution
		HideSolutionNode = FALSE
	EndGlobalSection
	GlobalSection(ExtensibilityGlobals) = postSolution
		SolutionGuid = {802E0891-DC5D-47B9-95BD-C007B46CC6F2}
	EndGlobalSection
EndGlobal
