
Microsoft Visual Studio Solution File, Format Version 12.00
# Visual Studio 15
VisualStudioVersion = 15.0.27703.2035
MinimumVisualStudioVersion = 10.0.40219.1
Project("{FAE04EC0-301F-11D3-BF4B-00C04F79EFBC}") = "literals-constants-variables", "literals-constants-variables\literals-constants-variables.csproj", "{72DEA930-EEE5-4783-AD8A-4C03685A1CD4}"
EndProject
Global
	GlobalSection(SolutionConfigurationPlatforms) = preSolution
		Debug|Any CPU = Debug|Any CPU
		Release|Any CPU = Release|Any CPU
	EndGlobalSection
	GlobalSection(ProjectConfigurationPlatforms) = postSolution
		{72DEA930-EEE5-4783-AD8A-4C03685A1CD4}.Debug|Any CPU.ActiveCfg = Debug|Any CPU
		{72DEA930-EEE5-4783-AD8A-4C03685A1CD4}.Debug|Any CPU.Build.0 = Debug|Any CPU
		{72DEA930-EEE5-4783-AD8A-4C03685A1CD4}.Release|Any CPU.ActiveCfg = Release|Any CPU
		{72DEA930-EEE5-4783-AD8A-4C03685A1CD4}.Release|Any CPU.Build.0 = Release|Any CPU
	EndGlobalSection
	GlobalSection(SolutionProperties) = preSolution
		HideSolutionNode = FALSE
	EndGlobalSection
	GlobalSection(ExtensibilityGlobals) = postSolution
		SolutionGuid = {4144C471-7F98-4E6B-B963-C09B33D3A822}
	EndGlobalSection
EndGlobal
