
Microsoft Visual Studio Solution File, Format Version 12.00
# Visual Studio 15
VisualStudioVersion = 15.0.27703.2035
MinimumVisualStudioVersion = 10.0.40219.1
Project("{FAE04EC0-301F-11D3-BF4B-00C04F79EFBC}") = "delegate-inference", "delegate-inference\delegate-inference.csproj", "{C01AFA4F-C121-4B8F-80A7-0D0B0A2F29E0}"
EndProject
Global
	GlobalSection(SolutionConfigurationPlatforms) = preSolution
		Debug|Any CPU = Debug|Any CPU
		Release|Any CPU = Release|Any CPU
	EndGlobalSection
	GlobalSection(ProjectConfigurationPlatforms) = postSolution
		{C01AFA4F-C121-4B8F-80A7-0D0B0A2F29E0}.Debug|Any CPU.ActiveCfg = Debug|Any CPU
		{C01AFA4F-C121-4B8F-80A7-0D0B0A2F29E0}.Debug|Any CPU.Build.0 = Debug|Any CPU
		{C01AFA4F-C121-4B8F-80A7-0D0B0A2F29E0}.Release|Any CPU.ActiveCfg = Release|Any CPU
		{C01AFA4F-C121-4B8F-80A7-0D0B0A2F29E0}.Release|Any CPU.Build.0 = Release|Any CPU
	EndGlobalSection
	GlobalSection(SolutionProperties) = preSolution
		HideSolutionNode = FALSE
	EndGlobalSection
	GlobalSection(ExtensibilityGlobals) = postSolution
		SolutionGuid = {78C4337A-7CDE-4030-9CC5-D1D8B5F9A6C0}
	EndGlobalSection
EndGlobal
