
Microsoft Visual Studio Solution File, Format Version 12.00
# Visual Studio 15
VisualStudioVersion = 15.0.27703.2035
MinimumVisualStudioVersion = 10.0.40219.1
Project("{FAE04EC0-301F-11D3-BF4B-00C04F79EFBC}") = "iterators", "iterators\iterators.csproj", "{B263550A-E393-4593-AB2A-9F2A49705386}"
EndProject
Global
	GlobalSection(SolutionConfigurationPlatforms) = preSolution
		Debug|Any CPU = Debug|Any CPU
		Release|Any CPU = Release|Any CPU
	EndGlobalSection
	GlobalSection(ProjectConfigurationPlatforms) = postSolution
		{B263550A-E393-4593-AB2A-9F2A49705386}.Debug|Any CPU.ActiveCfg = Debug|Any CPU
		{B263550A-E393-4593-AB2A-9F2A49705386}.Debug|Any CPU.Build.0 = Debug|Any CPU
		{B263550A-E393-4593-AB2A-9F2A49705386}.Release|Any CPU.ActiveCfg = Release|Any CPU
		{B263550A-E393-4593-AB2A-9F2A49705386}.Release|Any CPU.Build.0 = Release|Any CPU
	EndGlobalSection
	GlobalSection(SolutionProperties) = preSolution
		HideSolutionNode = FALSE
	EndGlobalSection
	GlobalSection(ExtensibilityGlobals) = postSolution
		SolutionGuid = {AB14C74C-5C95-4AE9-99AD-0821B143F4DD}
	EndGlobalSection
EndGlobal
