
Microsoft Visual Studio Solution File, Format Version 12.00
# Visual Studio 15
VisualStudioVersion = 15.0.27703.2035
MinimumVisualStudioVersion = 10.0.40219.1
Project("{FAE04EC0-301F-11D3-BF4B-00C04F79EFBC}") = "expression-tree", "expression-tree\expression-tree.csproj", "{D88DAA2D-7C40-4B89-9C2E-EBD93B0EB12F}"
EndProject
Global
	GlobalSection(SolutionConfigurationPlatforms) = preSolution
		Debug|Any CPU = Debug|Any CPU
		Release|Any CPU = Release|Any CPU
	EndGlobalSection
	GlobalSection(ProjectConfigurationPlatforms) = postSolution
		{D88DAA2D-7C40-4B89-9C2E-EBD93B0EB12F}.Debug|Any CPU.ActiveCfg = Debug|Any CPU
		{D88DAA2D-7C40-4B89-9C2E-EBD93B0EB12F}.Debug|Any CPU.Build.0 = Debug|Any CPU
		{D88DAA2D-7C40-4B89-9C2E-EBD93B0EB12F}.Release|Any CPU.ActiveCfg = Release|Any CPU
		{D88DAA2D-7C40-4B89-9C2E-EBD93B0EB12F}.Release|Any CPU.Build.0 = Release|Any CPU
	EndGlobalSection
	GlobalSection(SolutionProperties) = preSolution
		HideSolutionNode = FALSE
	EndGlobalSection
	GlobalSection(ExtensibilityGlobals) = postSolution
		SolutionGuid = {42507ABC-2F1C-4620-A590-3DB4FF6C703D}
	EndGlobalSection
EndGlobal
