
Microsoft Visual Studio Solution File, Format Version 12.00
# Visual Studio 15
VisualStudioVersion = 15.0.27703.2035
MinimumVisualStudioVersion = 10.0.40219.1
Project("{FAE04EC0-301F-11D3-BF4B-00C04F79EFBC}") = "generic-covariant-contravariant", "generic-covariant-contravariant\generic-covariant-contravariant.csproj", "{F07A7440-590A-4F2A-A126-5BAE977B08A3}"
EndProject
Global
	GlobalSection(SolutionConfigurationPlatforms) = preSolution
		Debug|Any CPU = Debug|Any CPU
		Release|Any CPU = Release|Any CPU
	EndGlobalSection
	GlobalSection(ProjectConfigurationPlatforms) = postSolution
		{F07A7440-590A-4F2A-A126-5BAE977B08A3}.Debug|Any CPU.ActiveCfg = Debug|Any CPU
		{F07A7440-590A-4F2A-A126-5BAE977B08A3}.Debug|Any CPU.Build.0 = Debug|Any CPU
		{F07A7440-590A-4F2A-A126-5BAE977B08A3}.Release|Any CPU.ActiveCfg = Release|Any CPU
		{F07A7440-590A-4F2A-A126-5BAE977B08A3}.Release|Any CPU.Build.0 = Release|Any CPU
	EndGlobalSection
	GlobalSection(SolutionProperties) = preSolution
		HideSolutionNode = FALSE
	EndGlobalSection
	GlobalSection(ExtensibilityGlobals) = postSolution
		SolutionGuid = {EB610FF5-C013-4C80-B4F8-44B3AF92F8AA}
	EndGlobalSection
EndGlobal
