
Microsoft Visual Studio Solution File, Format Version 12.00
# Visual Studio 15
VisualStudioVersion = 15.0.27703.2035
MinimumVisualStudioVersion = 10.0.40219.1
Project("{FAE04EC0-301F-11D3-BF4B-00C04F79EFBC}") = "z_thread-safety-programming", "z_thread-safety-programming\z_thread-safety-programming.csproj", "{0CADA411-6F6C-49A1-B146-37AC8D458956}"
EndProject
Global
	GlobalSection(SolutionConfigurationPlatforms) = preSolution
		Debug|Any CPU = Debug|Any CPU
		Release|Any CPU = Release|Any CPU
	EndGlobalSection
	GlobalSection(ProjectConfigurationPlatforms) = postSolution
		{0CADA411-6F6C-49A1-B146-37AC8D458956}.Debug|Any CPU.ActiveCfg = Debug|Any CPU
		{0CADA411-6F6C-49A1-B146-37AC8D458956}.Debug|Any CPU.Build.0 = Debug|Any CPU
		{0CADA411-6F6C-49A1-B146-37AC8D458956}.Release|Any CPU.ActiveCfg = Release|Any CPU
		{0CADA411-6F6C-49A1-B146-37AC8D458956}.Release|Any CPU.Build.0 = Release|Any CPU
	EndGlobalSection
	GlobalSection(SolutionProperties) = preSolution
		HideSolutionNode = FALSE
	EndGlobalSection
	GlobalSection(ExtensibilityGlobals) = postSolution
		SolutionGuid = {4C9A3234-BCF4-44AE-A5BB-AD1F39A8E3C9}
	EndGlobalSection
EndGlobal
