
Microsoft Visual Studio Solution File, Format Version 12.00
# Visual Studio 15
VisualStudioVersion = 15.0.27703.2042
MinimumVisualStudioVersion = 10.0.40219.1
Project("{9092AA53-FB77-4645-B42D-1CCCA6BD08BD}") = "ExpressApp1", "ExpressApp1\ExpressApp1.njsproj", "{7EBA052F-A1E2-46AC-9417-EFB24803863C}"
EndProject
Global
	GlobalSection(SolutionConfigurationPlatforms) = preSolution
		Debug|Any CPU = Debug|Any CPU
		Release|Any CPU = Release|Any CPU
	EndGlobalSection
	GlobalSection(ProjectConfigurationPlatforms) = postSolution
		{7EBA052F-A1E2-46AC-9417-EFB24803863C}.Debug|Any CPU.ActiveCfg = Debug|Any CPU
		{7EBA052F-A1E2-46AC-9417-EFB24803863C}.Debug|Any CPU.Build.0 = Debug|Any CPU
		{7EBA052F-A1E2-46AC-9417-EFB24803863C}.Release|Any CPU.ActiveCfg = Release|Any CPU
		{7EBA052F-A1E2-46AC-9417-EFB24803863C}.Release|Any CPU.Build.0 = Release|Any CPU
	EndGlobalSection
	GlobalSection(SolutionProperties) = preSolution
		HideSolutionNode = FALSE
	EndGlobalSection
	GlobalSection(ExtensibilityGlobals) = postSolution
		SolutionGuid = {1F51B0EC-3EBB-4959-BAEE-39436441AB92}
	EndGlobalSection
EndGlobal
