
Microsoft Visual Studio Solution File, Format Version 12.00
# Visual Studio 15
VisualStudioVersion = 15.0.27703.2035
MinimumVisualStudioVersion = 10.0.40219.1
Project("{FAE04EC0-301F-11D3-BF4B-00C04F79EFBC}") = "local-functions", "local-functions\local-functions.csproj", "{5318313F-F261-48C5-AD1E-F885200084A7}"
EndProject
Global
	GlobalSection(SolutionConfigurationPlatforms) = preSolution
		Debug|Any CPU = Debug|Any CPU
		Release|Any CPU = Release|Any CPU
	EndGlobalSection
	GlobalSection(ProjectConfigurationPlatforms) = postSolution
		{5318313F-F261-48C5-AD1E-F885200084A7}.Debug|Any CPU.ActiveCfg = Debug|Any CPU
		{5318313F-F261-48C5-AD1E-F885200084A7}.Debug|Any CPU.Build.0 = Debug|Any CPU
		{5318313F-F261-48C5-AD1E-F885200084A7}.Release|Any CPU.ActiveCfg = Release|Any CPU
		{5318313F-F261-48C5-AD1E-F885200084A7}.Release|Any CPU.Build.0 = Release|Any CPU
	EndGlobalSection
	GlobalSection(SolutionProperties) = preSolution
		HideSolutionNode = FALSE
	EndGlobalSection
	GlobalSection(ExtensibilityGlobals) = postSolution
		SolutionGuid = {A0A81884-5EBF-4EFA-ADBD-FE2131E62FDB}
	EndGlobalSection
EndGlobal
