
Microsoft Visual Studio Solution File, Format Version 12.00
# Visual Studio 15
VisualStudioVersion = 15.0.27703.2035
MinimumVisualStudioVersion = 10.0.40219.1
Project("{FAE04EC0-301F-11D3-BF4B-00C04F79EFBC}") = "delegate-types", "delegate-types\delegate-types.csproj", "{B8DA24B8-222B-461C-9E16-2968167B4F36}"
EndProject
Global
	GlobalSection(SolutionConfigurationPlatforms) = preSolution
		Debug|Any CPU = Debug|Any CPU
		Release|Any CPU = Release|Any CPU
	EndGlobalSection
	GlobalSection(ProjectConfigurationPlatforms) = postSolution
		{B8DA24B8-222B-461C-9E16-2968167B4F36}.Debug|Any CPU.ActiveCfg = Debug|Any CPU
		{B8DA24B8-222B-461C-9E16-2968167B4F36}.Debug|Any CPU.Build.0 = Debug|Any CPU
		{B8DA24B8-222B-461C-9E16-2968167B4F36}.Release|Any CPU.ActiveCfg = Release|Any CPU
		{B8DA24B8-222B-461C-9E16-2968167B4F36}.Release|Any CPU.Build.0 = Release|Any CPU
	EndGlobalSection
	GlobalSection(SolutionProperties) = preSolution
		HideSolutionNode = FALSE
	EndGlobalSection
	GlobalSection(ExtensibilityGlobals) = postSolution
		SolutionGuid = {01290D4B-8A4A-4FE9-A360-AECA7EDBC83C}
	EndGlobalSection
EndGlobal
