
Microsoft Visual Studio Solution File, Format Version 12.00
# Visual Studio 15
VisualStudioVersion = 15.0.27703.2035
MinimumVisualStudioVersion = 10.0.40219.1
Project("{FAE04EC0-301F-11D3-BF4B-00C04F79EFBC}") = "tuple-and-deconstruct", "tuple-and-deconstruct\tuple-and-deconstruct.csproj", "{427B780A-2482-4D95-8A12-0E12AA1B1B7F}"
EndProject
Global
	GlobalSection(SolutionConfigurationPlatforms) = preSolution
		Debug|Any CPU = Debug|Any CPU
		Release|Any CPU = Release|Any CPU
	EndGlobalSection
	GlobalSection(ProjectConfigurationPlatforms) = postSolution
		{427B780A-2482-4D95-8A12-0E12AA1B1B7F}.Debug|Any CPU.ActiveCfg = Debug|Any CPU
		{427B780A-2482-4D95-8A12-0E12AA1B1B7F}.Debug|Any CPU.Build.0 = Debug|Any CPU
		{427B780A-2482-4D95-8A12-0E12AA1B1B7F}.Release|Any CPU.ActiveCfg = Release|Any CPU
		{427B780A-2482-4D95-8A12-0E12AA1B1B7F}.Release|Any CPU.Build.0 = Release|Any CPU
	EndGlobalSection
	GlobalSection(SolutionProperties) = preSolution
		HideSolutionNode = FALSE
	EndGlobalSection
	GlobalSection(ExtensibilityGlobals) = postSolution
		SolutionGuid = {94D0A5A3-F19D-42F8-8296-524B2F7BDD9A}
	EndGlobalSection
EndGlobal
