
Microsoft Visual Studio Solution File, Format Version 12.00
# Visual Studio 15
VisualStudioVersion = 15.0.27703.2035
MinimumVisualStudioVersion = 10.0.40219.1
Project("{FAE04EC0-301F-11D3-BF4B-00C04F79EFBC}") = "partial-methods", "partial-methods\partial-methods.csproj", "{B89AD928-E165-491C-B5A2-407ED1388B05}"
EndProject
Global
	GlobalSection(SolutionConfigurationPlatforms) = preSolution
		Debug|Any CPU = Debug|Any CPU
		Release|Any CPU = Release|Any CPU
	EndGlobalSection
	GlobalSection(ProjectConfigurationPlatforms) = postSolution
		{B89AD928-E165-491C-B5A2-407ED1388B05}.Debug|Any CPU.ActiveCfg = Debug|Any CPU
		{B89AD928-E165-491C-B5A2-407ED1388B05}.Debug|Any CPU.Build.0 = Debug|Any CPU
		{B89AD928-E165-491C-B5A2-407ED1388B05}.Release|Any CPU.ActiveCfg = Release|Any CPU
		{B89AD928-E165-491C-B5A2-407ED1388B05}.Release|Any CPU.Build.0 = Release|Any CPU
	EndGlobalSection
	GlobalSection(SolutionProperties) = preSolution
		HideSolutionNode = FALSE
	EndGlobalSection
	GlobalSection(ExtensibilityGlobals) = postSolution
		SolutionGuid = {FA88C305-E145-40D7-B73C-A8A80FCBD435}
	EndGlobalSection
EndGlobal
