
Microsoft Visual Studio Solution File, Format Version 12.00
# Visual Studio 15
VisualStudioVersion = 15.0.27703.2035
MinimumVisualStudioVersion = 10.0.40219.1
Project("{FAE04EC0-301F-11D3-BF4B-00C04F79EFBC}") = "statements", "statements\statements.csproj", "{AFC913F8-0AB5-4341-91A1-F3750123B801}"
EndProject
Global
	GlobalSection(SolutionConfigurationPlatforms) = preSolution
		Debug|Any CPU = Debug|Any CPU
		Release|Any CPU = Release|Any CPU
	EndGlobalSection
	GlobalSection(ProjectConfigurationPlatforms) = postSolution
		{AFC913F8-0AB5-4341-91A1-F3750123B801}.Debug|Any CPU.ActiveCfg = Debug|Any CPU
		{AFC913F8-0AB5-4341-91A1-F3750123B801}.Debug|Any CPU.Build.0 = Debug|Any CPU
		{AFC913F8-0AB5-4341-91A1-F3750123B801}.Release|Any CPU.ActiveCfg = Release|Any CPU
		{AFC913F8-0AB5-4341-91A1-F3750123B801}.Release|Any CPU.Build.0 = Release|Any CPU
	EndGlobalSection
	GlobalSection(SolutionProperties) = preSolution
		HideSolutionNode = FALSE
	EndGlobalSection
	GlobalSection(ExtensibilityGlobals) = postSolution
		SolutionGuid = {1E1817CA-038F-48B4-9917-20B102435A74}
	EndGlobalSection
EndGlobal
